// !$*UTF8*$!
{
	archiveVersion = 1;
	classes = {
	};
	objectVersion = 50;
	objects = {

/* Begin PBXBuildFile section */
		834620F525E039B200DEBFC9 /* HexApp.swift in Sources */ = {isa = PBXBuildFile; fileRef = 834620E225E039B100DEBFC9 /* HexApp.swift */; };
		834620F625E039B200DEBFC9 /* HexApp.swift in Sources */ = {isa = PBXBuildFile; fileRef = 834620E225E039B100DEBFC9 /* HexApp.swift */; };
		834620F725E039B200DEBFC9 /* ContentView.swift in Sources */ = {isa = PBXBuildFile; fileRef = 834620E325E039B100DEBFC9 /* ContentView.swift */; };
		834620F825E039B200DEBFC9 /* ContentView.swift in Sources */ = {isa = PBXBuildFile; fileRef = 834620E325E039B100DEBFC9 /* ContentView.swift */; };
		834620F925E039B200DEBFC9 /* Assets.xcassets in Resources */ = {isa = PBXBuildFile; fileRef = 834620E425E039B200DEBFC9 /* Assets.xcassets */; };
		834620FA25E039B200DEBFC9 /* Assets.xcassets in Resources */ = {isa = PBXBuildFile; fileRef = 834620E425E039B200DEBFC9 /* Assets.xcassets */; };
		83DF488725E19AC9001B2B34 /* Hexagon.swift in Sources */ = {isa = PBXBuildFile; fileRef = 83DF488625E19AC9001B2B34 /* Hexagon.swift */; };
		83DF488825E19AC9001B2B34 /* Hexagon.swift in Sources */ = {isa = PBXBuildFile; fileRef = 83DF488625E19AC9001B2B34 /* Hexagon.swift */; };
		83DF488D25E1B0EB001B2B34 /* HexGrid.swift in Sources */ = {isa = PBXBuildFile; fileRef = 83DF488C25E1B0EB001B2B34 /* HexGrid.swift */; };
		83DF488E25E1B0EB001B2B34 /* HexGrid.swift in Sources */ = {isa = PBXBuildFile; fileRef = 83DF488C25E1B0EB001B2B34 /* HexGrid.swift */; };
		83DF489525E222A5001B2B34 /* HexGame.swift in Sources */ = {isa = PBXBuildFile; fileRef = 83DF489425E222A5001B2B34 /* HexGame.swift */; };
		83DF489625E222A5001B2B34 /* HexGame.swift in Sources */ = {isa = PBXBuildFile; fileRef = 83DF489425E222A5001B2B34 /* HexGame.swift */; };
		83DF489A25E222DA001B2B34 /* HexVM.swift in Sources */ = {isa = PBXBuildFile; fileRef = 83DF489925E222DA001B2B34 /* HexVM.swift */; };
		83DF489B25E222DA001B2B34 /* HexVM.swift in Sources */ = {isa = PBXBuildFile; fileRef = 83DF489925E222DA001B2B34 /* HexVM.swift */; };
		83DF489F25E2232D001B2B34 /* HexCell.swift in Sources */ = {isa = PBXBuildFile; fileRef = 83DF489E25E2232D001B2B34 /* HexCell.swift */; };
		83DF48A025E2232D001B2B34 /* HexCell.swift in Sources */ = {isa = PBXBuildFile; fileRef = 83DF489E25E2232D001B2B34 /* HexCell.swift */; };
/* End PBXBuildFile section */

/* Begin PBXFileReference section */
		834620E225E039B100DEBFC9 /* HexApp.swift */ = {isa = PBXFileReference; lastKnownFileType = sourcecode.swift; path = HexApp.swift; sourceTree = "<group>"; };
		834620E325E039B100DEBFC9 /* ContentView.swift */ = {isa = PBXFileReference; lastKnownFileType = sourcecode.swift; path = ContentView.swift; sourceTree = "<group>"; };
		834620E425E039B200DEBFC9 /* Assets.xcassets */ = {isa = PBXFileReference; lastKnownFileType = folder.assetcatalog; path = Assets.xcassets; sourceTree = "<group>"; };
		834620E925E039B200DEBFC9 /* Hex.app */ = {isa = PBXFileReference; explicitFileType = wrapper.application; includeInIndex = 0; path = Hex.app; sourceTree = BUILT_PRODUCTS_DIR; };
		834620EC25E039B200DEBFC9 /* Info.plist */ = {isa = PBXFileReference; lastKnownFileType = text.plist.xml; path = Info.plist; sourceTree = "<group>"; };
		834620F125E039B200DEBFC9 /* Hex.app */ = {isa = PBXFileReference; explicitFileType = wrapper.application; includeInIndex = 0; path = Hex.app; sourceTree = BUILT_PRODUCTS_DIR; };
		834620F325E039B200DEBFC9 /* Info.plist */ = {isa = PBXFileReference; lastKnownFileType = text.plist.xml; path = Info.plist; sourceTree = "<group>"; };
		834620F425E039B200DEBFC9 /* macOS.entitlements */ = {isa = PBXFileReference; lastKnownFileType = text.plist.entitlements; path = macOS.entitlements; sourceTree = "<group>"; };
		83DF488625E19AC9001B2B34 /* Hexagon.swift */ = {isa = PBXFileReference; lastKnownFileType = sourcecode.swift; path = Hexagon.swift; sourceTree = "<group>"; };
		83DF488C25E1B0EB001B2B34 /* HexGrid.swift */ = {isa = PBXFileReference; lastKnownFileType = sourcecode.swift; path = HexGrid.swift; sourceTree = "<group>"; };
		83DF489425E222A5001B2B34 /* HexGame.swift */ = {isa = PBXFileReference; lastKnownFileType = sourcecode.swift; path = HexGame.swift; sourceTree = "<group>"; };
		83DF489925E222DA001B2B34 /* HexVM.swift */ = {isa = PBXFileReference; lastKnownFileType = sourcecode.swift; path = HexVM.swift; sourceTree = "<group>"; };
		83DF489E25E2232D001B2B34 /* HexCell.swift */ = {isa = PBXFileReference; lastKnownFileType = sourcecode.swift; path = HexCell.swift; sourceTree = "<group>"; };
/* End PBXFileReference section */

/* Begin PBXFrameworksBuildPhase section */
		834620E625E039B200DEBFC9 /* Frameworks */ = {
			isa = PBXFrameworksBuildPhase;
			buildActionMask = 2147483647;
			files = (
			);
			runOnlyForDeploymentPostprocessing = 0;
		};
		834620EE25E039B200DEBFC9 /* Frameworks */ = {
			isa = PBXFrameworksBuildPhase;
			buildActionMask = 2147483647;
			files = (
			);
			runOnlyForDeploymentPostprocessing = 0;
		};
/* End PBXFrameworksBuildPhase section */

/* Begin PBXGroup section */
		834620DC25E039B100DEBFC9 = {
			isa = PBXGroup;
			children = (
				834620E125E039B100DEBFC9 /* Shared */,
				834620EB25E039B200DEBFC9 /* iOS */,
				834620F225E039B200DEBFC9 /* macOS */,
				834620EA25E039B200DEBFC9 /* Products */,
			);
			sourceTree = "<group>";
		};
		834620E125E039B100DEBFC9 /* Shared */ = {
			isa = PBXGroup;
			children = (
				834620E225E039B100DEBFC9 /* HexApp.swift */,
				834620E325E039B100DEBFC9 /* ContentView.swift */,
				834620E425E039B200DEBFC9 /* Assets.xcassets */,
				83DF488625E19AC9001B2B34 /* Hexagon.swift */,
				83DF489925E222DA001B2B34 /* HexVM.swift */,
				83DF489425E222A5001B2B34 /* HexGame.swift */,
				83DF488C25E1B0EB001B2B34 /* HexGrid.swift */,
				83DF489E25E2232D001B2B34 /* HexCell.swift */,
			);
			path = Shared;
			sourceTree = "<group>";
		};
		834620EA25E039B200DEBFC9 /* Products */ = {
			isa = PBXGroup;
			children = (
				834620E925E039B200DEBFC9 /* Hex.app */,
				834620F125E039B200DEBFC9 /* Hex.app */,
			);
			name = Products;
			sourceTree = "<group>";
		};
		834620EB25E039B200DEBFC9 /* iOS */ = {
			isa = PBXGroup;
			children = (
				834620EC25E039B200DEBFC9 /* Info.plist */,
			);
			path = iOS;
			sourceTree = "<group>";
		};
		834620F225E039B200DEBFC9 /* macOS */ = {
			isa = PBXGroup;
			children = (
				834620F325E039B200DEBFC9 /* Info.plist */,
				834620F425E039B200DEBFC9 /* macOS.entitlements */,
			);
			path = macOS;
			sourceTree = "<group>";
		};
/* End PBXGroup section */

/* Begin PBXNativeTarget section */
		834620E825E039B200DEBFC9 /* Hex (iOS) */ = {
			isa = PBXNativeTarget;
			buildConfigurationList = 834620FD25E039B200DEBFC9 /* Build configuration list for PBXNativeTarget "Hex (iOS)" */;
			buildPhases = (
				834620E525E039B200DEBFC9 /* Sources */,
				834620E625E039B200DEBFC9 /* Frameworks */,
				834620E725E039B200DEBFC9 /* Resources */,
			);
			buildRules = (
			);
			dependencies = (
			);
			name = "Hex (iOS)";
			productName = "Hex (iOS)";
			productReference = 834620E925E039B200DEBFC9 /* Hex.app */;
			productType = "com.apple.product-type.application";
		};
		834620F025E039B200DEBFC9 /* Hex (macOS) */ = {
			isa = PBXNativeTarget;
			buildConfigurationList = 8346210025E039B200DEBFC9 /* Build configuration list for PBXNativeTarget "Hex (macOS)" */;
			buildPhases = (
				834620ED25E039B200DEBFC9 /* Sources */,
				834620EE25E039B200DEBFC9 /* Frameworks */,
				834620EF25E039B200DEBFC9 /* Resources */,
			);
			buildRules = (
			);
			dependencies = (
			);
			name = "Hex (macOS)";
			productName = "Hex (macOS)";
			productReference = 834620F125E039B200DEBFC9 /* Hex.app */;
			productType = "com.apple.product-type.application";
		};
/* End PBXNativeTarget section */

/* Begin PBXProject section */
		834620DD25E039B100DEBFC9 /* Project object */ = {
			isa = PBXProject;
			attributes = {
				LastSwiftUpdateCheck = 1240;
				LastUpgradeCheck = 1240;
				TargetAttributes = {
					834620E825E039B200DEBFC9 = {
						CreatedOnToolsVersion = 12.4;
					};
					834620F025E039B200DEBFC9 = {
						CreatedOnToolsVersion = 12.4;
					};
				};
			};
			buildConfigurationList = 834620E025E039B100DEBFC9 /* Build configuration list for PBXProject "Hex" */;
			compatibilityVersion = "Xcode 9.3";
			developmentRegion = en;
			hasScannedForEncodings = 0;
			knownRegions = (
				en,
				Base,
			);
			mainGroup = 834620DC25E039B100DEBFC9;
			productRefGroup = 834620EA25E039B200DEBFC9 /* Products */;
			projectDirPath = "";
			projectRoot = "";
			targets = (
				834620E825E039B200DEBFC9 /* Hex (iOS) */,
				834620F025E039B200DEBFC9 /* Hex (macOS) */,
			);
		};
/* End PBXProject section */

/* Begin PBXResourcesBuildPhase section */
		834620E725E039B200DEBFC9 /* Resources */ = {
			isa = PBXResourcesBuildPhase;
			buildActionMask = 2147483647;
			files = (
				834620F925E039B200DEBFC9 /* Assets.xcassets in Resources */,
			);
			runOnlyForDeploymentPostprocessing = 0;
		};
		834620EF25E039B200DEBFC9 /* Resources */ = {
			isa = PBXResourcesBuildPhase;
			buildActionMask = 2147483647;
			files = (
				834620FA25E039B200DEBFC9 /* Assets.xcassets in Resources */,
			);
			runOnlyForDeploymentPostprocessing = 0;
		};
/* End PBXResourcesBuildPhase section */

/* Begin PBXSourcesBuildPhase section */
		834620E525E039B200DEBFC9 /* Sources */ = {
			isa = PBXSourcesBuildPhase;
			buildActionMask = 2147483647;
			files = (
				834620F725E039B200DEBFC9 /* ContentView.swift in Sources */,
				834620F525E039B200DEBFC9 /* HexApp.swift in Sources */,
				83DF489F25E2232D001B2B34 /* HexCell.swift in Sources */,
				83DF489A25E222DA001B2B34 /* HexVM.swift in Sources */,
				83DF489525E222A5001B2B34 /* HexGame.swift in Sources */,
				83DF488725E19AC9001B2B34 /* Hexagon.swift in Sources */,
				83DF488D25E1B0EB001B2B34 /* HexGrid.swift in Sources */,
			);
			runOnlyForDeploymentPostprocessing = 0;
		};
		834620ED25E039B200DEBFC9 /* Sources */ = {
			isa = PBXSourcesBuildPhase;
			buildActionMask = 2147483647;
			files = (
				834620F825E039B200DEBFC9 /* ContentView.swift in Sources */,
				834620F625E039B200DEBFC9 /* HexApp.swift in Sources */,
				83DF48A025E2232D001B2B34 /* HexCell.swift in Sources */,
				83DF489B25E222DA001B2B34 /* HexVM.swift in Sources */,
				83DF489625E222A5001B2B34 /* HexGame.swift in Sources */,
				83DF488825E19AC9001B2B34 /* Hexagon.swift in Sources */,
				83DF488E25E1B0EB001B2B34 /* HexGrid.swift in Sources */,
			);
			runOnlyForDeploymentPostprocessing = 0;
		};
/* End PBXSourcesBuildPhase section */

/* Begin XCBuildConfiguration section */
		834620FB25E039B200DEBFC9 /* Debug */ = {
			isa = XCBuildConfiguration;
			buildSettings = {
				ALWAYS_SEARCH_USER_PATHS = NO;
				CLANG_ANALYZER_NONNULL = YES;
				CLANG_ANALYZER_NUMBER_OBJECT_CONVERSION = YES_AGGRESSIVE;
				CLANG_CXX_LANGUAGE_STANDARD = "gnu++14";
				CLANG_CXX_LIBRARY = "libc++";
				CLANG_ENABLE_MODULES = YES;
				CLANG_ENABLE_OBJC_ARC = YES;
				CLANG_ENABLE_OBJC_WEAK = YES;
				CLANG_WARN_BLOCK_CAPTURE_AUTORELEASING = YES;
				CLANG_WARN_BOOL_CONVERSION = YES;
				CLANG_WARN_COMMA = YES;
				CLANG_WARN_CONSTANT_CONVERSION = YES;
				CLANG_WARN_DEPRECATED_OBJC_IMPLEMENTATIONS = YES;
				CLANG_WARN_DIRECT_OBJC_ISA_USAGE = YES_ERROR;
				CLANG_WARN_DOCUMENTATION_COMMENTS = YES;
				CLANG_WARN_EMPTY_BODY = YES;
				CLANG_WARN_ENUM_CONVERSION = YES;
				CLANG_WARN_INFINITE_RECURSION = YES;
				CLANG_WARN_INT_CONVERSION = YES;
				CLANG_WARN_NON_LITERAL_NULL_CONVERSION = YES;
				CLANG_WARN_OBJC_IMPLICIT_RETAIN_SELF = YES;
				CLANG_WARN_OBJC_LITERAL_CONVERSION = YES;
				CLANG_WARN_OBJC_ROOT_CLASS = YES_ERROR;
				CLANG_WARN_QUOTED_INCLUDE_IN_FRAMEWORK_HEADER = YES;
				CLANG_WARN_RANGE_LOOP_ANALYSIS = YES;
				CLANG_WARN_STRICT_PROTOTYPES = YES;
				CLANG_WARN_SUSPICIOUS_MOVE = YES;
				CLANG_WARN_UNGUARDED_AVAILABILITY = YES_AGGRESSIVE;
				CLANG_WARN_UNREACHABLE_CODE = YES;
				CLANG_WARN__DUPLICATE_METHOD_MATCH = YES;
				COPY_PHASE_STRIP = NO;
				DEBUG_INFORMATION_FORMAT = dwarf;
				ENABLE_STRICT_OBJC_MSGSEND = YES;
				ENABLE_TESTABILITY = YES;
				GCC_C_LANGUAGE_STANDARD = gnu11;
				GCC_DYNAMIC_NO_PIC = NO;
				GCC_NO_COMMON_BLOCKS = YES;
				GCC_OPTIMIZATION_LEVEL = 0;
				GCC_PREPROCESSOR_DEFINITIONS = (
					"DEBUG=1",
					"$(inherited)",
				);
				GCC_WARN_64_TO_32_BIT_CONVERSION = YES;
				GCC_WARN_ABOUT_RETURN_TYPE = YES_ERROR;
				GCC_WARN_UNDECLARED_SELECTOR = YES;
				GCC_WARN_UNINITIALIZED_AUTOS = YES_AGGRESSIVE;
				GCC_WARN_UNUSED_FUNCTION = YES;
				GCC_WARN_UNUSED_VARIABLE = YES;
				MTL_ENABLE_DEBUG_INFO = INCLUDE_SOURCE;
				MTL_FAST_MATH = YES;
				ONLY_ACTIVE_ARCH = YES;
				SWIFT_ACTIVE_COMPILATION_CONDITIONS = DEBUG;
				SWIFT_OPTIMIZATION_LEVEL = "-Onone";
			};
			name = Debug;
		};
		834620FC25E039B200DEBFC9 /* Release */ = {
			isa = XCBuildConfiguration;
			buildSettings = {
				ALWAYS_SEARCH_USER_PATHS = NO;
				CLANG_ANALYZER_NONNULL = YES;
				CLANG_ANALYZER_NUMBER_OBJECT_CONVERSION = YES_AGGRESSIVE;
				CLANG_CXX_LANGUAGE_STANDARD = "gnu++14";
				CLANG_CXX_LIBRARY = "libc++";
				CLANG_ENABLE_MODULES = YES;
				CLANG_ENABLE_OBJC_ARC = YES;
				CLANG_ENABLE_OBJC_WEAK = YES;
				CLANG_WARN_BLOCK_CAPTURE_AUTORELEASING = YES;
				CLANG_WARN_BOOL_CONVERSION = YES;
				CLANG_WARN_COMMA = YES;
				CLANG_WARN_CONSTANT_CONVERSION = YES;
				CLANG_WARN_DEPRECATED_OBJC_IMPLEMENTATIONS = YES;
				CLANG_WARN_DIRECT_OBJC_ISA_USAGE = YES_ERROR;
				CLANG_WARN_DOCUMENTATION_COMMENTS = YES;
				CLANG_WARN_EMPTY_BODY = YES;
				CLANG_WARN_ENUM_CONVERSION = YES;
				CLANG_WARN_INFINITE_RECURSION = YES;
				CLANG_WARN_INT_CONVERSION = YES;
				CLANG_WARN_NON_LITERAL_NULL_CONVERSION = YES;
				CLANG_WARN_OBJC_IMPLICIT_RETAIN_SELF = YES;
				CLANG_WARN_OBJC_LITERAL_CONVERSION = YES;
				CLANG_WARN_OBJC_ROOT_CLASS = YES_ERROR;
				CLANG_WARN_QUOTED_INCLUDE_IN_FRAMEWORK_HEADER = YES;
				CLANG_WARN_RANGE_LOOP_ANALYSIS = YES;
				CLANG_WARN_STRICT_PROTOTYPES = YES;
				CLANG_WARN_SUSPICIOUS_MOVE = YES;
				CLANG_WARN_UNGUARDED_AVAILABILITY = YES_AGGRESSIVE;
				CLANG_WARN_UNREACHABLE_CODE = YES;
				CLANG_WARN__DUPLICATE_METHOD_MATCH = YES;
				COPY_PHASE_STRIP = NO;
				DEBUG_INFORMATION_FORMAT = "dwarf-with-dsym";
				ENABLE_NS_ASSERTIONS = NO;
				ENABLE_STRICT_OBJC_MSGSEND = YES;
				GCC_C_LANGUAGE_STANDARD = gnu11;
				GCC_NO_COMMON_BLOCKS = YES;
				GCC_WARN_64_TO_32_BIT_CONVERSION = YES;
				GCC_WARN_ABOUT_RETURN_TYPE = YES_ERROR;
				GCC_WARN_UNDECLARED_SELECTOR = YES;
				GCC_WARN_UNINITIALIZED_AUTOS = YES_AGGRESSIVE;
				GCC_WARN_UNUSED_FUNCTION = YES;
				GCC_WARN_UNUSED_VARIABLE = YES;
				MTL_ENABLE_DEBUG_INFO = NO;
				MTL_FAST_MATH = YES;
				SWIFT_COMPILATION_MODE = wholemodule;
				SWIFT_OPTIMIZATION_LEVEL = "-O";
			};
			name = Release;
		};
		834620FE25E039B200DEBFC9 /* Debug */ = {
			isa = XCBuildConfiguration;
			buildSettings = {
				ASSETCATALOG_COMPILER_APPICON_NAME = AppIcon;
				ASSETCATALOG_COMPILER_GLOBAL_ACCENT_COLOR_NAME = AccentColor;
				CODE_SIGN_STYLE = Automatic;
				DEVELOPMENT_TEAM = 45B3ZMSCD4;
				ENABLE_PREVIEWS = YES;
				INFOPLIST_FILE = iOS/Info.plist;
				IPHONEOS_DEPLOYMENT_TARGET = 14.0;
				LD_RUNPATH_SEARCH_PATHS = (
					"$(inherited)",
					"@executable_path/Frameworks",
				);
				PRODUCT_BUNDLE_IDENTIFIER = com.codepika.Hex;
				PRODUCT_NAME = Hex;
				SDKROOT = iphoneos;
				SWIFT_VERSION = 5.0;
				TARGETED_DEVICE_FAMILY = "1,2";
			};
			name = Debug;
		};
		834620FF25E039B200DEBFC9 /* Release */ = {
			isa = XCBuildConfiguration;
			buildSettings = {
				ASSETCATALOG_COMPILER_APPICON_NAME = AppIcon;
				ASSETCATALOG_COMPILER_GLOBAL_ACCENT_COLOR_NAME = AccentColor;
				CODE_SIGN_STYLE = Automatic;
				DEVELOPMENT_TEAM = 45B3ZMSCD4;
				ENABLE_PREVIEWS = YES;
				INFOPLIST_FILE = iOS/Info.plist;
				IPHONEOS_DEPLOYMENT_TARGET = 14.0;
				LD_RUNPATH_SEARCH_PATHS = (
					"$(inherited)",
					"@executable_path/Frameworks",
				);
				PRODUCT_BUNDLE_IDENTIFIER = com.codepika.Hex;
				PRODUCT_NAME = Hex;
				SDKROOT = iphoneos;
				SWIFT_VERSION = 5.0;
				TARGETED_DEVICE_FAMILY = "1,2";
				VALIDATE_PRODUCT = YES;
			};
			name = Release;
		};
		8346210125E039B200DEBFC9 /* Debug */ = {
			isa = XCBuildConfiguration;
			buildSettings = {
				ASSETCATALOG_COMPILER_APPICON_NAME = AppIcon;
				ASSETCATALOG_COMPILER_GLOBAL_ACCENT_COLOR_NAME = AccentColor;
				CODE_SIGN_ENTITLEMENTS = macOS/macOS.entitlements;
				CODE_SIGN_STYLE = Automatic;
				COMBINE_HIDPI_IMAGES = YES;
				DEVELOPMENT_TEAM = 45B3ZMSCD4;
				ENABLE_HARDENED_RUNTIME = YES;
				ENABLE_PREVIEWS = YES;
				INFOPLIST_FILE = macOS/Info.plist;
				LD_RUNPATH_SEARCH_PATHS = (
					"$(inherited)",
					"@executable_path/../Frameworks",
				);
				MACOSX_DEPLOYMENT_TARGET = 11.0;
				PRODUCT_BUNDLE_IDENTIFIER = com.codepika.Hex;
				PRODUCT_NAME = Hex;
				SDKROOT = macosx;
				SWIFT_VERSION = 5.0;
			};
			name = Debug;
		};
		8346210225E039B200DEBFC9 /* Release */ = {
			isa = XCBuildConfiguration;
			buildSettings = {
				ASSETCATALOG_COMPILER_APPICON_NAME = AppIcon;
				ASSETCATALOG_COMPILER_GLOBAL_ACCENT_COLOR_NAME = AccentColor;
				CODE_SIGN_ENTITLEMENTS = macOS/macOS.entitlements;
				CODE_SIGN_STYLE = Automatic;
				COMBINE_HIDPI_IMAGES = YES;
				DEVELOPMENT_TEAM = 45B3ZMSCD4;
				ENABLE_HARDENED_RUNTIME = YES;
				ENABLE_PREVIEWS = YES;
				INFOPLIST_FILE = macOS/Info.plist;
				LD_RUNPATH_SEARCH_PATHS = (
					"$(inherited)",
					"@executable_path/../Frameworks",
				);
				MACOSX_DEPLOYMENT_TARGET = 11.0;
				PRODUCT_BUNDLE_IDENTIFIER = com.codepika.Hex;
				PRODUCT_NAME = Hex;
				SDKROOT = macosx;
				SWIFT_VERSION = 5.0;
			};
			name = Release;
		};
/* End XCBuildConfiguration section */

/* Begin XCConfigurationList section */
		834620E025E039B100DEBFC9 /* Build configuration list for PBXProject "Hex" */ = {
			isa = XCConfigurationList;
			buildConfigurations = (
				834620FB25E039B200DEBFC9 /* Debug */,
				834620FC25E039B200DEBFC9 /* Release */,
			);
			defaultConfigurationIsVisible = 0;
			defaultConfigurationName = Release;
		};
		834620FD25E039B200DEBFC9 /* Build configuration list for PBXNativeTarget "Hex (iOS)" */ = {
			isa = XCConfigurationList;
			buildConfigurations = (
				834620FE25E039B200DEBFC9 /* Debug */,
				834620FF25E039B200DEBFC9 /* Release */,
			);
			defaultConfigurationIsVisible = 0;
			defaultConfigurationName = Release;
		};
		8346210025E039B200DEBFC9 /* Build configuration list for PBXNativeTarget "Hex (macOS)" */ = {
			isa = XCConfigurationList;
			buildConfigurations = (
				8346210125E039B200DEBFC9 /* Debug */,
				8346210225E039B200DEBFC9 /* Release */,
			);
			defaultConfigurationIsVisible = 0;
			defaultConfigurationName = Release;
		};
/* End XCConfigurationList section */
	};
	rootObject = 834620DD25E039B100DEBFC9 /* Project object */;
}
